// !$*UTF8*$!
{
	archiveVersion = 1;
	classes = {
	};
	objectVersion = 46;
	objects = {

/* Begin PBXBuildFile section */
		55F3AEB8C6102EA36A6E56C1 /* libPods-JhtBannerScrollView.a in Frameworks */ = {isa = PBXBuildFile; fileRef = CBDEC75BD9E08B7CF6DD6C53 /* libPods-JhtBannerScrollView.a */; };
		8EFE0CB91EE0FFA8001F611A /* main.m in Sources */ = {isa = PBXBuildFile; fileRef = 8EFE0CB81EE0FFA8001F611A /* main.m */; };
		8EFE0CBC1EE0FFA8001F611A /* AppDelegate.m in Sources */ = {isa = PBXBuildFile; fileRef = 8EFE0CBB1EE0FFA8001F611A /* AppDelegate.m */; };
		8EFE0CBF1EE0FFA8001F611A /* ViewController.m in Sources */ = {isa = PBXBuildFile; fileRef = 8EFE0CBE1EE0FFA8001F611A /* ViewController.m */; };
		8EFE0CC21EE0FFA8001F611A /* Main.storyboard in Resources */ = {isa = PBXBuildFile; fileRef = 8EFE0CC01EE0FFA8001F611A /* Main.storyboard */; };
		8EFE0CC41EE0FFA8001F611A /* Assets.xcassets in Resources */ = {isa = PBXBuildFile; fileRef = 8EFE0CC31EE0FFA8001F611A /* Assets.xcassets */; };
		8EFE0CC71EE0FFA8001F611A /* LaunchScreen.storyboard in Resources */ = {isa = PBXBuildFile; fileRef = 8EFE0CC51EE0FFA8001F611A /* LaunchScreen.storyboard */; };
		A57011521F8F817E007D1AE0 /* JhtBannerView.m in Sources */ = {isa = PBXBuildFile; fileRef = A570112E1F8F817E007D1AE0 /* JhtBannerView.m */; };
/* End PBXBuildFile section */

/* Begin PBXContainerItemProxy section */
		8EFE0CCE1EE0FFA8001F611A /* PBXContainerItemProxy */ = {
			isa = PBXContainerItemProxy;
			containerPortal = 8EFE0CAC1EE0FFA8001F611A /* Project object */;
			proxyType = 1;
			remoteGlobalIDString = 8EFE0CB31EE0FFA8001F611A;
			remoteInfo = JhtBannerScrollView;
		};
		8EFE0CD91EE0FFA8001F611A /* PBXContainerItemProxy */ = {
			isa = PBXContainerItemProxy;
			containerPortal = 8EFE0CAC1EE0FFA8001F611A /* Project object */;
			proxyType = 1;
			remoteGlobalIDString = 8EFE0CB31EE0FFA8001F611A;
			remoteInfo = JhtBannerScrollView;
		};
/* End PBXContainerItemProxy section */

/* Begin PBXFileReference section */
		6C8155CAB08E9F6F0071B70B /* Pods-JhtBannerScrollView.release.xcconfig */ = {isa = PBXFileReference; includeInIndex = 1; lastKnownFileType = text.xcconfig; name = "Pods-JhtBannerScrollView.release.xcconfig"; path = "Pods/Target Support Files/Pods-JhtBannerScrollView/Pods-JhtBannerScrollView.release.xcconfig"; sourceTree = "<group>"; };
		8EFE0CB41EE0FFA8001F611A /* JhtBannerScrollView.app */ = {isa = PBXFileReference; explicitFileType = wrapper.application; includeInIndex = 0; path = JhtBannerScrollView.app; sourceTree = BUILT_PRODUCTS_DIR; };
		8EFE0CB81EE0FFA8001F611A /* main.m */ = {isa = PBXFileReference; lastKnownFileType = sourcecode.c.objc; path = main.m; sourceTree = "<group>"; };
		8EFE0CBA1EE0FFA8001F611A /* AppDelegate.h */ = {isa = PBXFileReference; lastKnownFileType = sourcecode.c.h; path = AppDelegate.h; sourceTree = "<group>"; };
		8EFE0CBB1EE0FFA8001F611A /* AppDelegate.m */ = {isa = PBXFileReference; lastKnownFileType = sourcecode.c.objc; path = AppDelegate.m; sourceTree = "<group>"; };
		8EFE0CBD1EE0FFA8001F611A /* ViewController.h */ = {isa = PBXFileReference; lastKnownFileType = sourcecode.c.h; path = ViewController.h; sourceTree = "<group>"; };
		8EFE0CBE1EE0FFA8001F611A /* ViewController.m */ = {isa = PBXFileReference; lastKnownFileType = sourcecode.c.objc; path = ViewController.m; sourceTree = "<group>"; };
		8EFE0CC11EE0FFA8001F611A /* Base */ = {isa = PBXFileReference; lastKnownFileType = file.storyboard; name = Base; path = Base.lproj/Main.storyboard; sourceTree = "<group>"; };
		8EFE0CC31EE0FFA8001F611A /* Assets.xcassets */ = {isa = PBXFileReference; lastKnownFileType = folder.assetcatalog; path = Assets.xcassets; sourceTree = "<group>"; };
		8EFE0CC61EE0FFA8001F611A /* Base */ = {isa = PBXFileReference; lastKnownFileType = file.storyboard; name = Base; path = Base.lproj/LaunchScreen.storyboard; sourceTree = "<group>"; };
		8EFE0CC81EE0FFA8001F611A /* Info.plist */ = {isa = PBXFileReference; lastKnownFileType = text.plist.xml; path = Info.plist; sourceTree = "<group>"; };
		8EFE0CCD1EE0FFA8001F611A /* JhtBannerScrollViewTests.xctest */ = {isa = PBXFileReference; explicitFileType = wrapper.cfbundle; includeInIndex = 0; path = JhtBannerScrollViewTests.xctest; sourceTree = BUILT_PRODUCTS_DIR; };
		8EFE0CD81EE0FFA8001F611A /* JhtBannerScrollViewUITests.xctest */ = {isa = PBXFileReference; explicitFileType = wrapper.cfbundle; includeInIndex = 0; path = JhtBannerScrollViewUITests.xctest; sourceTree = BUILT_PRODUCTS_DIR; };
		8F7BA322DDF39D0D98E429C1 /* Pods-JhtBannerScrollView.debug.xcconfig */ = {isa = PBXFileReference; includeInIndex = 1; lastKnownFileType = text.xcconfig; name = "Pods-JhtBannerScrollView.debug.xcconfig"; path = "Pods/Target Support Files/Pods-JhtBannerScrollView/Pods-JhtBannerScrollView.debug.xcconfig"; sourceTree = "<group>"; };
		A570112D1F8F817E007D1AE0 /* JhtBannerView.h */ = {isa = PBXFileReference; fileEncoding = 4; lastKnownFileType = sourcecode.c.h; path = JhtBannerView.h; sourceTree = "<group>"; };
		A570112E1F8F817E007D1AE0 /* JhtBannerView.m */ = {isa = PBXFileReference; fileEncoding = 4; lastKnownFileType = sourcecode.c.objc; path = JhtBannerView.m; sourceTree = "<group>"; };
		CBDEC75BD9E08B7CF6DD6C53 /* libPods-JhtBannerScrollView.a */ = {isa = PBXFileReference; explicitFileType = archive.ar; includeInIndex = 0; path = "libPods-JhtBannerScrollView.a"; sourceTree = BUILT_PRODUCTS_DIR; };
/* End PBXFileReference section */

/* Begin PBXFrameworksBuildPhase section */
		8EFE0CB11EE0FFA8001F611A /* Frameworks */ = {
			isa = PBXFrameworksBuildPhase;
			buildActionMask = 2147483647;
			files = (
				55F3AEB8C6102EA36A6E56C1 /* libPods-JhtBannerScrollView.a in Frameworks */,
			);
			runOnlyForDeploymentPostprocessing = 0;
		};
		8EFE0CCA1EE0FFA8001F611A /* Frameworks */ = {
			isa = PBXFrameworksBuildPhase;
			buildActionMask = 2147483647;
			files = (
			);
			runOnlyForDeploymentPostprocessing = 0;
		};
		8EFE0CD51EE0FFA8001F611A /* Frameworks */ = {
			isa = PBXFrameworksBuildPhase;
			buildActionMask = 2147483647;
			files = (
			);
			runOnlyForDeploymentPostprocessing = 0;
		};
/* End PBXFrameworksBuildPhase section */

/* Begin PBXGroup section */
		48ABCD54EE835B87C60BAC4F /* Pods */ = {
			isa = PBXGroup;
			children = (
				8F7BA322DDF39D0D98E429C1 /* Pods-JhtBannerScrollView.debug.xcconfig */,
				6C8155CAB08E9F6F0071B70B /* Pods-JhtBannerScrollView.release.xcconfig */,
			);
			name = Pods;
			sourceTree = "<group>";
		};
		8EFE0CAB1EE0FFA8001F611A = {
			isa = PBXGroup;
			children = (
				8EFE0CB61EE0FFA8001F611A /* JhtBannerScrollView */,
				8EFE0CB51EE0FFA8001F611A /* Products */,
				A599BCF21F8F7DD400FADD87 /* Frameworks */,
				48ABCD54EE835B87C60BAC4F /* Pods */,
			);
			sourceTree = "<group>";
		};
		8EFE0CB51EE0FFA8001F611A /* Products */ = {
			isa = PBXGroup;
			children = (
				8EFE0CB41EE0FFA8001F611A /* JhtBannerScrollView.app */,
				8EFE0CCD1EE0FFA8001F611A /* JhtBannerScrollViewTests.xctest */,
				8EFE0CD81EE0FFA8001F611A /* JhtBannerScrollViewUITests.xctest */,
			);
			name = Products;
			sourceTree = "<group>";
		};
		8EFE0CB61EE0FFA8001F611A /* JhtBannerScrollView */ = {
			isa = PBXGroup;
			children = (
				8EFE0CBA1EE0FFA8001F611A /* AppDelegate.h */,
				8EFE0CBB1EE0FFA8001F611A /* AppDelegate.m */,
				8EFE0CBD1EE0FFA8001F611A /* ViewController.h */,
				8EFE0CBE1EE0FFA8001F611A /* ViewController.m */,
				A570112C1F8F817E007D1AE0 /* JhtBannerView */,
				8EFE0CC01EE0FFA8001F611A /* Main.storyboard */,
				8EFE0CC31EE0FFA8001F611A /* Assets.xcassets */,
				8EFE0CC51EE0FFA8001F611A /* LaunchScreen.storyboard */,
				8EFE0CC81EE0FFA8001F611A /* Info.plist */,
				8EFE0CB71EE0FFA8001F611A /* Supporting Files */,
			);
			path = JhtBannerScrollView;
			sourceTree = "<group>";
		};
		8EFE0CB71EE0FFA8001F611A /* Supporting Files */ = {
			isa = PBXGroup;
			children = (
				8EFE0CB81EE0FFA8001F611A /* main.m */,
			);
			name = "Supporting Files";
			sourceTree = "<group>";
		};
		A570112C1F8F817E007D1AE0 /* JhtBannerView */ = {
			isa = PBXGroup;
			children = (
				A570112D1F8F817E007D1AE0 /* JhtBannerView.h */,
				A570112E1F8F817E007D1AE0 /* JhtBannerView.m */,
			);
			path = JhtBannerView;
			sourceTree = "<group>";
		};
		A599BCF21F8F7DD400FADD87 /* Frameworks */ = {
			isa = PBXGroup;
			children = (
				CBDEC75BD9E08B7CF6DD6C53 /* libPods-JhtBannerScrollView.a */,
			);
			name = Frameworks;
			sourceTree = "<group>";
		};
/* End PBXGroup section */

/* Begin PBXNativeTarget section */
		8EFE0CB31EE0FFA8001F611A /* JhtBannerScrollView */ = {
			isa = PBXNativeTarget;
			buildConfigurationList = 8EFE0CE11EE0FFA8001F611A /* Build configuration list for PBXNativeTarget "JhtBannerScrollView" */;
			buildPhases = (
				534D53077CA4EF112C2CA9A5 /* [CP] Check Pods Manifest.lock */,
				8EFE0CB01EE0FFA8001F611A /* Sources */,
				8EFE0CB11EE0FFA8001F611A /* Frameworks */,
				8EFE0CB21EE0FFA8001F611A /* Resources */,
			);
			buildRules = (
			);
			dependencies = (
			);
			name = JhtBannerScrollView;
			productName = JhtBannerScrollView;
			productReference = 8EFE0CB41EE0FFA8001F611A /* JhtBannerScrollView.app */;
			productType = "com.apple.product-type.application";
		};
		8EFE0CCC1EE0FFA8001F611A /* JhtBannerScrollViewTests */ = {
			isa = PBXNativeTarget;
			buildConfigurationList = 8EFE0CE41EE0FFA8001F611A /* Build configuration list for PBXNativeTarget "JhtBannerScrollViewTests" */;
			buildPhases = (
				8EFE0CC91EE0FFA8001F611A /* Sources */,
				8EFE0CCA1EE0FFA8001F611A /* Frameworks */,
				8EFE0CCB1EE0FFA8001F611A /* Resources */,
			);
			buildRules = (
			);
			dependencies = (
				8EFE0CCF1EE0FFA8001F611A /* PBXTargetDependency */,
			);
			name = JhtBannerScrollViewTests;
			productName = JhtBannerScrollViewTests;
			productReference = 8EFE0CCD1EE0FFA8001F611A /* JhtBannerScrollViewTests.xctest */;
			productType = "com.apple.product-type.bundle.unit-test";
		};
		8EFE0CD71EE0FFA8001F611A /* JhtBannerScrollViewUITests */ = {
			isa = PBXNativeTarget;
			buildConfigurationList = 8EFE0CE71EE0FFA8001F611A /* Build configuration list for PBXNativeTarget "JhtBannerScrollViewUITests" */;
			buildPhases = (
				8EFE0CD41EE0FFA8001F611A /* Sources */,
				8EFE0CD51EE0FFA8001F611A /* Frameworks */,
				8EFE0CD61EE0FFA8001F611A /* Resources */,
			);
			buildRules = (
			);
			dependencies = (
				8EFE0CDA1EE0FFA8001F611A /* PBXTargetDependency */,
			);
			name = JhtBannerScrollViewUITests;
			productName = JhtBannerScrollViewUITests;
			productReference = 8EFE0CD81EE0FFA8001F611A /* JhtBannerScrollViewUITests.xctest */;
			productType = "com.apple.product-type.bundle.ui-testing";
		};
/* End PBXNativeTarget section */

/* Begin PBXProject section */
		8EFE0CAC1EE0FFA8001F611A /* Project object */ = {
			isa = PBXProject;
			attributes = {
				LastUpgradeCheck = 0830;
				ORGANIZATIONNAME = JhtBannerScrollView;
				TargetAttributes = {
					8EFE0CB31EE0FFA8001F611A = {
						CreatedOnToolsVersion = 8.3.2;
						DevelopmentTeam = 8C4D9692Z4;
						ProvisioningStyle = Automatic;
					};
					8EFE0CCC1EE0FFA8001F611A = {
						CreatedOnToolsVersion = 8.3.2;
						DevelopmentTeam = BY48QUJK83;
						ProvisioningStyle = Automatic;
						TestTargetID = 8EFE0CB31EE0FFA8001F611A;
					};
					8EFE0CD71EE0FFA8001F611A = {
						CreatedOnToolsVersion = 8.3.2;
						DevelopmentTeam = BY48QUJK83;
						ProvisioningStyle = Automatic;
						TestTargetID = 8EFE0CB31EE0FFA8001F611A;
					};
				};
			};
			buildConfigurationList = 8EFE0CAF1EE0FFA8001F611A /* Build configuration list for PBXProject "JhtBannerScrollView" */;
			compatibilityVersion = "Xcode 3.2";
			developmentRegion = English;
			hasScannedForEncodings = 0;
			knownRegions = (
				en,
				Base,
			);
			mainGroup = 8EFE0CAB1EE0FFA8001F611A;
			productRefGroup = 8EFE0CB51EE0FFA8001F611A /* Products */;
			projectDirPath = "";
			projectRoot = "";
			targets = (
				8EFE0CB31EE0FFA8001F611A /* JhtBannerScrollView */,
				8EFE0CCC1EE0FFA8001F611A /* JhtBannerScrollViewTests */,
				8EFE0CD71EE0FFA8001F611A /* JhtBannerScrollViewUITests */,
			);
		};
/* End PBXProject section */

/* Begin PBXResourcesBuildPhase section */
		8EFE0CB21EE0FFA8001F611A /* Resources */ = {
			isa = PBXResourcesBuildPhase;
			buildActionMask = 2147483647;
			files = (
				8EFE0CC71EE0FFA8001F611A /* LaunchScreen.storyboard in Resources */,
				8EFE0CC41EE0FFA8001F611A /* Assets.xcassets in Resources */,
				8EFE0CC21EE0FFA8001F611A /* Main.storyboard in Resources */,
			);
			runOnlyForDeploymentPostprocessing = 0;
		};
		8EFE0CCB1EE0FFA8001F611A /* Resources */ = {
			isa = PBXResourcesBuildPhase;
			buildActionMask = 2147483647;
			files = (
			);
			runOnlyForDeploymentPostprocessing = 0;
		};
		8EFE0CD61EE0FFA8001F611A /* Resources */ = {
			isa = PBXResourcesBuildPhase;
			buildActionMask = 2147483647;
			files = (
			);
			runOnlyForDeploymentPostprocessing = 0;
		};
/* End PBXResourcesBuildPhase section */

/* Begin PBXShellScriptBuildPhase section */
		534D53077CA4EF112C2CA9A5 /* [CP] Check Pods Manifest.lock */ = {
			isa = PBXShellScriptBuildPhase;
			buildActionMask = 2147483647;
			files = (
			);
			inputPaths = (
				"${PODS_PODFILE_DIR_PATH}/Podfile.lock",
				"${PODS_ROOT}/Manifest.lock",
			);
			name = "[CP] Check Pods Manifest.lock";
			outputPaths = (
				"$(DERIVED_FILE_DIR)/Pods-JhtBannerScrollView-checkManifestLockResult.txt",
			);
			runOnlyForDeploymentPostprocessing = 0;
			shellPath = /bin/sh;
			shellScript = "diff \"${PODS_PODFILE_DIR_PATH}/Podfile.lock\" \"${PODS_ROOT}/Manifest.lock\" > /dev/null\nif [ $? != 0 ] ; then\n    # print error to STDERR\n    echo \"error: The sandbox is not in sync with the Podfile.lock. Run 'pod install' or update your CocoaPods installation.\" >&2\n    exit 1\nfi\n# This output is used by Xcode 'outputs' to avoid re-running this script phase.\necho \"SUCCESS\" > \"${SCRIPT_OUTPUT_FILE_0}\"\n";
			showEnvVarsInLog = 0;
		};
/* End PBXShellScriptBuildPhase section */

/* Begin PBXSourcesBuildPhase section */
		8EFE0CB01EE0FFA8001F611A /* Sources */ = {
			isa = PBXSourcesBuildPhase;
			buildActionMask = 2147483647;
			files = (
				8EFE0CBF1EE0FFA8001F611A /* ViewController.m in Sources */,
				A57011521F8F817E007D1AE0 /* JhtBannerView.m in Sources */,
				8EFE0CBC1EE0FFA8001F611A /* AppDelegate.m in Sources */,
				8EFE0CB91EE0FFA8001F611A /* main.m in Sources */,
			);
			runOnlyForDeploymentPostprocessing = 0;
		};
		8EFE0CC91EE0FFA8001F611A /* Sources */ = {
			isa = PBXSourcesBuildPhase;
			buildActionMask = 2147483647;
			files = (
			);
			runOnlyForDeploymentPostprocessing = 0;
		};
		8EFE0CD41EE0FFA8001F611A /* Sources */ = {
			isa = PBXSourcesBuildPhase;
			buildActionMask = 2147483647;
			files = (
			);
			runOnlyForDeploymentPostprocessing = 0;
		};
/* End PBXSourcesBuildPhase section */

/* Begin PBXTargetDependency section */
		8EFE0CCF1EE0FFA8001F611A /* PBXTargetDependency */ = {
			isa = PBXTargetDependency;
			target = 8EFE0CB31EE0FFA8001F611A /* JhtBannerScrollView */;
			targetProxy = 8EFE0CCE1EE0FFA8001F611A /* PBXContainerItemProxy */;
		};
		8EFE0CDA1EE0FFA8001F611A /* PBXTargetDependency */ = {
			isa = PBXTargetDependency;
			target = 8EFE0CB31EE0FFA8001F611A /* JhtBannerScrollView */;
			targetProxy = 8EFE0CD91EE0FFA8001F611A /* PBXContainerItemProxy */;
		};
/* End PBXTargetDependency section */

/* Begin PBXVariantGroup section */
		8EFE0CC01EE0FFA8001F611A /* Main.storyboard */ = {
			isa = PBXVariantGroup;
			children = (
				8EFE0CC11EE0FFA8001F611A /* Base */,
			);
			name = Main.storyboard;
			sourceTree = "<group>";
		};
		8EFE0CC51EE0FFA8001F611A /* LaunchScreen.storyboard */ = {
			isa = PBXVariantGroup;
			children = (
				8EFE0CC61EE0FFA8001F611A /* Base */,
			);
			name = LaunchScreen.storyboard;
			sourceTree = "<group>";
		};
/* End PBXVariantGroup section */

/* Begin XCBuildConfiguration section */
		8EFE0CDF1EE0FFA8001F611A /* Debug */ = {
			isa = XCBuildConfiguration;
			buildSettings = {
				ALWAYS_SEARCH_USER_PATHS = NO;
				CLANG_ANALYZER_NONNULL = YES;
				CLANG_ANALYZER_NUMBER_OBJECT_CONVERSION = YES_AGGRESSIVE;
				CLANG_CXX_LANGUAGE_STANDARD = "gnu++0x";
				CLANG_CXX_LIBRARY = "libc++";
				CLANG_ENABLE_MODULES = YES;
				CLANG_ENABLE_OBJC_ARC = YES;
				CLANG_WARN_BOOL_CONVERSION = YES;
				CLANG_WARN_CONSTANT_CONVERSION = YES;
				CLANG_WARN_DIRECT_OBJC_ISA_USAGE = YES_ERROR;
				CLANG_WARN_DOCUMENTATION_COMMENTS = YES;
				CLANG_WARN_EMPTY_BODY = YES;
				CLANG_WARN_ENUM_CONVERSION = YES;
				CLANG_WARN_INFINITE_RECURSION = YES;
				CLANG_WARN_INT_CONVERSION = YES;
				CLANG_WARN_OBJC_ROOT_CLASS = YES_ERROR;
				CLANG_WARN_SUSPICIOUS_MOVE = YES;
				CLANG_WARN_UNREACHABLE_CODE = YES;
				CLANG_WARN__DUPLICATE_METHOD_MATCH = YES;
				"CODE_SIGN_IDENTITY[sdk=iphoneos*]" = "iPhone Developer";
				COPY_PHASE_STRIP = NO;
				DEBUG_INFORMATION_FORMAT = dwarf;
				ENABLE_STRICT_OBJC_MSGSEND = YES;
				ENABLE_TESTABILITY = YES;
				GCC_C_LANGUAGE_STANDARD = gnu99;
				GCC_DYNAMIC_NO_PIC = NO;
				GCC_NO_COMMON_BLOCKS = YES;
				GCC_OPTIMIZATION_LEVEL = 0;
				GCC_PREPROCESSOR_DEFINITIONS = (
					"DEBUG=1",
					"$(inherited)",
				);
				GCC_WARN_64_TO_32_BIT_CONVERSION = YES;
				GCC_WARN_ABOUT_RETURN_TYPE = YES_ERROR;
				GCC_WARN_UNDECLARED_SELECTOR = YES;
				GCC_WARN_UNINITIALIZED_AUTOS = YES_AGGRESSIVE;
				GCC_WARN_UNUSED_FUNCTION = YES;
				GCC_WARN_UNUSED_VARIABLE = YES;
				IPHONEOS_DEPLOYMENT_TARGET = 8.0;
				MTL_ENABLE_DEBUG_INFO = YES;
				ONLY_ACTIVE_ARCH = YES;
				SDKROOT = iphoneos;
			};
			name = Debug;
		};
		8EFE0CE01EE0FFA8001F611A /* Release */ = {
			isa = XCBuildConfiguration;
			buildSettings = {
				ALWAYS_SEARCH_USER_PATHS = NO;
				CLANG_ANALYZER_NONNULL = YES;
				CLANG_ANALYZER_NUMBER_OBJECT_CONVERSION = YES_AGGRESSIVE;
				CLANG_CXX_LANGUAGE_STANDARD = "gnu++0x";
				CLANG_CXX_LIBRARY = "libc++";
				CLANG_ENABLE_MODULES = YES;
				CLANG_ENABLE_OBJC_ARC = YES;
				CLANG_WARN_BOOL_CONVERSION = YES;
				CLANG_WARN_CONSTANT_CONVERSION = YES;
				CLANG_WARN_DIRECT_OBJC_ISA_USAGE = YES_ERROR;
				CLANG_WARN_DOCUMENTATION_COMMENTS = YES;
				CLANG_WARN_EMPTY_BODY = YES;
				CLANG_WARN_ENUM_CONVERSION = YES;
				CLANG_WARN_INFINITE_RECURSION = YES;
				CLANG_WARN_INT_CONVERSION = YES;
				CLANG_WARN_OBJC_ROOT_CLASS = YES_ERROR;
				CLANG_WARN_SUSPICIOUS_MOVE = YES;
				CLANG_WARN_UNREACHABLE_CODE = YES;
				CLANG_WARN__DUPLICATE_METHOD_MATCH = YES;
				"CODE_SIGN_IDENTITY[sdk=iphoneos*]" = "iPhone Developer";
				COPY_PHASE_STRIP = NO;
				DEBUG_INFORMATION_FORMAT = "dwarf-with-dsym";
				ENABLE_NS_ASSERTIONS = NO;
				ENABLE_STRICT_OBJC_MSGSEND = YES;
				GCC_C_LANGUAGE_STANDARD = gnu99;
				GCC_NO_COMMON_BLOCKS = YES;
				GCC_WARN_64_TO_32_BIT_CONVERSION = YES;
				GCC_WARN_ABOUT_RETURN_TYPE = YES_ERROR;
				GCC_WARN_UNDECLARED_SELECTOR = YES;
				GCC_WARN_UNINITIALIZED_AUTOS = YES_AGGRESSIVE;
				GCC_WARN_UNUSED_FUNCTION = YES;
				GCC_WARN_UNUSED_VARIABLE = YES;
				IPHONEOS_DEPLOYMENT_TARGET = 8.0;
				MTL_ENABLE_DEBUG_INFO = NO;
				SDKROOT = iphoneos;
				VALIDATE_PRODUCT = YES;
			};
			name = Release;
		};
		8EFE0CE21EE0FFA8001F611A /* Debug */ = {
			isa = XCBuildConfiguration;
			baseConfigurationReference = 8F7BA322DDF39D0D98E429C1 /* Pods-JhtBannerScrollView.debug.xcconfig */;
			buildSettings = {
				ASSETCATALOG_COMPILER_APPICON_NAME = AppIcon;
				DEVELOPMENT_TEAM = 8C4D9692Z4;
				FRAMEWORK_SEARCH_PATHS = (
					"$(inherited)",
					"$(PROJECT_DIR)",
				);
				HEADER_SEARCH_PATHS = "";
				INFOPLIST_FILE = JhtBannerScrollView/Info.plist;
				IPHONEOS_DEPLOYMENT_TARGET = 8.0;
				LD_RUNPATH_SEARCH_PATHS = "$(inherited) @executable_path/Frameworks";
				PRODUCT_BUNDLE_IDENTIFIER = com.JhtBannerScrollView;
				PRODUCT_NAME = "$(TARGET_NAME)";
			};
			name = Debug;
		};
		8EFE0CE31EE0FFA8001F611A /* Release */ = {
			isa = XCBuildConfiguration;
			baseConfigurationReference = 6C8155CAB08E9F6F0071B70B /* Pods-JhtBannerScrollView.release.xcconfig */;
			buildSettings = {
				ASSETCATALOG_COMPILER_APPICON_NAME = AppIcon;
				DEVELOPMENT_TEAM = 8C4D9692Z4;
				FRAMEWORK_SEARCH_PATHS = (
					"$(inherited)",
					"$(PROJECT_DIR)",
				);
				HEADER_SEARCH_PATHS = "";
				INFOPLIST_FILE = JhtBannerScrollView/Info.plist;
				IPHONEOS_DEPLOYMENT_TARGET = 8.0;
				LD_RUNPATH_SEARCH_PATHS = "$(inherited) @executable_path/Frameworks";
				PRODUCT_BUNDLE_IDENTIFIER = com.JhtBannerScrollView;
				PRODUCT_NAME = "$(TARGET_NAME)";
			};
			name = Release;
		};
		8EFE0CE51EE0FFA8001F611A /* Debug */ = {
			isa = XCBuildConfiguration;
			buildSettings = {
				BUNDLE_LOADER = "$(TEST_HOST)";
				DEVELOPMENT_TEAM = BY48QUJK83;
				INFOPLIST_FILE = JhtBannerScrollViewTests/Info.plist;
				LD_RUNPATH_SEARCH_PATHS = "$(inherited) @executable_path/Frameworks @loader_path/Frameworks";
				PRODUCT_BUNDLE_IDENTIFIER = com.souyidai.FoxAppNew.JhtBannerScrollViewTests;
				PRODUCT_NAME = "$(TARGET_NAME)";
				TEST_HOST = "$(BUILT_PRODUCTS_DIR)/JhtBannerScrollView.app/JhtBannerScrollView";
			};
			name = Debug;
		};
		8EFE0CE61EE0FFA8001F611A /* Release */ = {
			isa = XCBuildConfiguration;
			buildSettings = {
				BUNDLE_LOADER = "$(TEST_HOST)";
				DEVELOPMENT_TEAM = BY48QUJK83;
				INFOPLIST_FILE = JhtBannerScrollViewTests/Info.plist;
				LD_RUNPATH_SEARCH_PATHS = "$(inherited) @executable_path/Frameworks @loader_path/Frameworks";
				PRODUCT_BUNDLE_IDENTIFIER = com.souyidai.FoxAppNew.JhtBannerScrollViewTests;
				PRODUCT_NAME = "$(TARGET_NAME)";
				TEST_HOST = "$(BUILT_PRODUCTS_DIR)/JhtBannerScrollView.app/JhtBannerScrollView";
			};
			name = Release;
		};
		8EFE0CE81EE0FFA8001F611A /* Debug */ = {
			isa = XCBuildConfiguration;
			buildSettings = {
				DEVELOPMENT_TEAM = BY48QUJK83;
				INFOPLIST_FILE = JhtBannerScrollViewUITests/Info.plist;
				LD_RUNPATH_SEARCH_PATHS = "$(inherited) @executable_path/Frameworks @loader_path/Frameworks";
				PRODUCT_BUNDLE_IDENTIFIER = com.souyidai.FoxAppNew.JhtBannerScrollViewUITests;
				PRODUCT_NAME = "$(TARGET_NAME)";
				TEST_TARGET_NAME = JhtBannerScrollView;
			};
			name = Debug;
		};
		8EFE0CE91EE0FFA8001F611A /* Release */ = {
			isa = XCBuildConfiguration;
			buildSettings = {
				DEVELOPMENT_TEAM = BY48QUJK83;
				INFOPLIST_FILE = JhtBannerScrollViewUITests/Info.plist;
				LD_RUNPATH_SEARCH_PATHS = "$(inherited) @executable_path/Frameworks @loader_path/Frameworks";
				PRODUCT_BUNDLE_IDENTIFIER = com.souyidai.FoxAppNew.JhtBannerScrollViewUITests;
				PRODUCT_NAME = "$(TARGET_NAME)";
				TEST_TARGET_NAME = JhtBannerScrollView;
			};
			name = Release;
		};
/* End XCBuildConfiguration section */

/* Begin XCConfigurationList section */
		8EFE0CAF1EE0FFA8001F611A /* Build configuration list for PBXProject "JhtBannerScrollView" */ = {
			isa = XCConfigurationList;
			buildConfigurations = (
				8EFE0CDF1EE0FFA8001F611A /* Debug */,
				8EFE0CE01EE0FFA8001F611A /* Release */,
			);
			defaultConfigurationIsVisible = 0;
			defaultConfigurationName = Release;
		};
		8EFE0CE11EE0FFA8001F611A /* Build configuration list for PBXNativeTarget "JhtBannerScrollView" */ = {
			isa = XCConfigurationList;
			buildConfigurations = (
				8EFE0CE21EE0FFA8001F611A /* Debug */,
				8EFE0CE31EE0FFA8001F611A /* Release */,
			);
			defaultConfigurationIsVisible = 0;
			defaultConfigurationName = Release;
		};
		8EFE0CE41EE0FFA8001F611A /* Build configuration list for PBXNativeTarget "JhtBannerScrollViewTests" */ = {
			isa = XCConfigurationList;
			buildConfigurations = (
				8EFE0CE51EE0FFA8001F611A /* Debug */,
				8EFE0CE61EE0FFA8001F611A /* Release */,
			);
			defaultConfigurationIsVisible = 0;
			defaultConfigurationName = Release;
		};
		8EFE0CE71EE0FFA8001F611A /* Build configuration list for PBXNativeTarget "JhtBannerScrollViewUITests" */ = {
			isa = XCConfigurationList;
			buildConfigurations = (
				8EFE0CE81EE0FFA8001F611A /* Debug */,
				8EFE0CE91EE0FFA8001F611A /* Release */,
			);
			defaultConfigurationIsVisible = 0;
			defaultConfigurationName = Release;
		};
/* End XCConfigurationList section */
	};
	rootObject = 8EFE0CAC1EE0FFA8001F611A /* Project object */;
}
